<?xml version="1.0" encoding="utf-8"?>
<Project ToolsVersion="4.0" xmlns="http://schemas.microsoft.com/developer/msbuild/2003">
  <ItemGroup>
    <Filter Include="Source Files">
      <UniqueIdentifier>{4FC737F1-C7A5-4376-A066-2A32D752A2FF}</UniqueIdentifier>
      <Extensions>cpp;c;cc;cxx;c++;cppm;ixx;def;odl;idl;hpj;bat;asm;asmx</Extensions>
    </Filter>
    <Filter Include="Header Files">
      <UniqueIdentifier>{93995380-89BD-4b04-88EB-625FBE52EBFB}</UniqueIdentifier>
      <Extensions>h;hh;hpp;hxx;h++;hm;inl;inc;ipp;xsd</Extensions>
    </Filter>
    <Filter Include="Resource Files">
      <UniqueIdentifier>{67DA6AB6-F800-4c08-8B7A-83BB121AAD01}</UniqueIdentifier>
      <Extensions>rc;ico;cur;bmp;dlg;rc2;rct;bin;rgs;gif;jpg;jpeg;jpe;resx;tiff;tif;png;wav;mfcribbon-ms</Extensions>
    </Filter>
    <Filter Include="Source Files\Objects">
      <UniqueIdentifier>{46d0c0fb-1797-4c3a-910d-b7b0f4d780fb}</UniqueIdentifier>
    </Filter>
    <Filter Include="Source Files\Objects\Tiles">
      <UniqueIdentifier>{dacf0dc7-ba05-4439-aef2-d222f473a258}</UniqueIdentifier>
    </Filter>
    <Filter Include="Source Files\Objects\Vehicles">
      <UniqueIdentifier>{9d11d07c-cb54-47f1-9304-39c57af09bdc}</UniqueIdentifier>
    </Filter>
    <Filter Include="Source Files\Objects\Players">
      <UniqueIdentifier>{f0217549-1e34-41dc-ae3a-7d02bcc2d764}</UniqueIdentifier>
    </Filter>
    <Filter Include="Header Files\Objects">
      <UniqueIdentifier>{82f84a5e-000b-414a-aa83-3af04a8a3a72}</UniqueIdentifier>
    </Filter>
    <Filter Include="Header Files\Objects\Players">
      <UniqueIdentifier>{bc3c17ab-6a2d-4ddc-915b-9da70cc9525c}</UniqueIdentifier>
    </Filter>
    <Filter Include="Header Files\Objects\Tiles">
      <UniqueIdentifier>{968876ba-047a-4d5f-b91f-caf02525dfa8}</UniqueIdentifier>
    </Filter>
    <Filter Include="Header Files\Objects\Vehicles">
      <UniqueIdentifier>{59db1e68-438b-4924-9088-d0f7cba72c97}</UniqueIdentifier>
    </Filter>
    <Filter Include="Source Files\Objects\Lanes">
      <UniqueIdentifier>{e0f54fc6-59fe-497f-b141-d6cea6398ee0}</UniqueIdentifier>
    </Filter>
    <Filter Include="Header Files\Objects\Lanes">
      <UniqueIdentifier>{989ff981-00ee-4c05-aa07-bda4437a92e6}</UniqueIdentifier>
    </Filter>
    <Filter Include="Header Files\States">
      <UniqueIdentifier>{5c0a4993-5c14-44c2-9aaf-4d19c36442ab}</UniqueIdentifier>
    </Filter>
    <Filter Include="Source Files\States">
      <UniqueIdentifier>{56716c23-71a1-4c86-bd56-abbe7e1adf4e}</UniqueIdentifier>
    </Filter>
    <Filter Include="Header Files\Others">
      <UniqueIdentifier>{0401a984-a6b0-4ded-aa07-7a19a48cd3db}</UniqueIdentifier>
    </Filter>
    <Filter Include="Source Files\Others">
      <UniqueIdentifier>{93d25ba4-3f30-431b-a6d8-a93de6d6521a}</UniqueIdentifier>
    </Filter>
    <Filter Include="Header Files\States\StatePlay">
      <UniqueIdentifier>{982594a8-a8ed-40cc-b934-9086e10559e2}</UniqueIdentifier>
    </Filter>
    <Filter Include="Source Files\States\StatePlay">
      <UniqueIdentifier>{0d334124-0e9d-426f-b63a-33387fc14e64}</UniqueIdentifier>
    </Filter>
  </ItemGroup>
  <ItemGroup>
    <ClCompile Include="main.cpp">
      <Filter>Source Files</Filter>
    </ClCompile>
    <ClCompile Include="CrossingRoadGame.cpp">
      <Filter>Source Files</Filter>
    </ClCompile>
    <ClCompile Include="Tile.cpp">
      <Filter>Source Files\Objects\Tiles</Filter>
    </ClCompile>
    <ClCompile Include="WaterTile.cpp">
      <Filter>Source Files\Objects\Tiles</Filter>
    </ClCompile>
    <ClCompile Include="Vehicle.cpp">
      <Filter>Source Files\Objects\Vehicles</Filter>
    </ClCompile>
    <ClCompile Include="Player.cpp">
      <Filter>Source Files\Objects\Players</Filter>
    </ClCompile>
    <ClCompile Include="Frog.cpp">
      <Filter>Source Files\Objects\Players</Filter>
    </ClCompile>
    <ClCompile Include="GameEngine.cpp">
      <Filter>Source Files</Filter>
    </ClCompile>
    <ClCompile Include="RoadTile.cpp">
      <Filter>Source Files\Objects\Tiles</Filter>
    </ClCompile>
    <ClCompile Include="Road.cpp">
      <Filter>Source Files\Objects\Lanes</Filter>
    </ClCompile>
    <ClCompile Include="Lane.cpp">
      <Filter>Source Files\Objects\Lanes</Filter>
    </ClCompile>
    <ClCompile Include="River.cpp">
      <Filter>Source Files\Objects\Lanes</Filter>
    </ClCompile>
    <ClCompile Include="StateMenu.cpp">
      <Filter>Source Files\States</Filter>
    </ClCompile>
    <ClCompile Include="StateLoad.cpp">
      <Filter>Source Files\States</Filter>
    </ClCompile>
    <ClCompile Include="StateDead.cpp">
      <Filter>Source Files\States</Filter>
    </ClCompile>
    <ClCompile Include="GrassTile.cpp">
      <Filter>Source Files\Objects\Tiles</Filter>
    </ClCompile>
    <ClCompile Include="RestLane.cpp">
      <Filter>Source Files\Objects\Lanes</Filter>
    </ClCompile>
    <ClCompile Include="Ambulance.cpp">
      <Filter>Source Files\Objects\Vehicles</Filter>
    </ClCompile>
    <ClCompile Include="Duck.cpp">
      <Filter>Source Files\Objects\Vehicles</Filter>
    </ClCompile>
    <ClCompile Include="Dog.cpp">
      <Filter>Source Files\Objects\Players</Filter>
    </ClCompile>
    <ClCompile Include="StateCredit.cpp">
      <Filter>Source Files\States</Filter>
    </ClCompile>
    <ClCompile Include="StateExit.cpp">
      <Filter>Source Files\States</Filter>
    </ClCompile>
    <ClCompile Include="StateLB.cpp">
      <Filter>Source Files\States</Filter>
    </ClCompile>
    <ClCompile Include="TrafficLane.cpp">
      <Filter>Source Files\Objects\Lanes</Filter>
    </ClCompile>
    <ClCompile Include="StateSetting.cpp">
      <Filter>Source Files\States</Filter>
    </ClCompile>
    <ClCompile Include="StateWin.cpp">
      <Filter>Source Files\States</Filter>
    </ClCompile>
    <ClCompile Include="Data.cpp">
      <Filter>Source Files\Others</Filter>
    </ClCompile>
    <ClCompile Include="Menu.cpp">
      <Filter>Source Files\Others</Filter>
    </ClCompile>
    <ClCompile Include="StatePlay.cpp">
      <Filter>Source Files\States\StatePlay</Filter>
    </ClCompile>
    <ClCompile Include="StatePlay_Deadline.cpp">
      <Filter>Source Files\States\StatePlay</Filter>
    </ClCompile>
    <ClCompile Include="StatePlay_Endless.cpp">
      <Filter>Source Files\States\StatePlay</Filter>
    </ClCompile>
    <ClCompile Include="StateChoosePlayMode.cpp">
      <Filter>Source Files\States</Filter>
    </ClCompile>
    <ClCompile Include="StatePlay_Versus.cpp">
      <Filter>Source Files\States\StatePlay</Filter>
    </ClCompile>
  </ItemGroup>
  <ItemGroup>
    <ClInclude Include="CrossingRoadGame.h">
      <Filter>Header Files</Filter>
    </ClInclude>
    <ClInclude Include="Tile.h">
      <Filter>Header Files\Objects\Tiles</Filter>
    </ClInclude>
    <ClInclude Include="WaterTile.h">
      <Filter>Header Files\Objects\Tiles</Filter>
    </ClInclude>
    <ClInclude Include="GameEngine.h">
      <Filter>Header Files</Filter>
    </ClInclude>
    <ClInclude Include="Player.h">
      <Filter>Header Files\Objects\Players</Filter>
    </ClInclude>
    <ClInclude Include="Frog.h">
      <Filter>Header Files\Objects\Players</Filter>
    </ClInclude>
    <ClInclude Include="Vehicle.h">
      <Filter>Header Files\Objects\Vehicles</Filter>
    </ClInclude>
    <ClInclude Include="RoadTile.h">
      <Filter>Header Files\Objects\Tiles</Filter>
    </ClInclude>
    <ClInclude Include="Lane.h">
      <Filter>Header Files\Objects\Lanes</Filter>
    </ClInclude>
    <ClInclude Include="Road.h">
      <Filter>Header Files\Objects\Lanes</Filter>
    </ClInclude>
    <ClInclude Include="StateMenu.h">
      <Filter>Header Files\States</Filter>
    </ClInclude>
    <ClInclude Include="River.h">
      <Filter>Header Files\Objects\Lanes</Filter>
    </ClInclude>
    <ClInclude Include="StateLoad.h">
      <Filter>Header Files\States</Filter>
    </ClInclude>
    <ClInclude Include="StateDead.h">
      <Filter>Header Files\States</Filter>
    </ClInclude>
    <ClInclude Include="GrassTile.h">
      <Filter>Header Files\Objects\Tiles</Filter>
    </ClInclude>
    <ClInclude Include="RestLane.h">
      <Filter>Header Files\Objects\Lanes</Filter>
    </ClInclude>
    <ClInclude Include="Ambulance.h">
      <Filter>Header Files\Objects\Vehicles</Filter>
    </ClInclude>
    <ClInclude Include="Duck.h">
      <Filter>Header Files\Objects\Vehicles</Filter>
    </ClInclude>
    <ClInclude Include="Dog.h">
      <Filter>Header Files\Objects\Players</Filter>
    </ClInclude>
    <ClInclude Include="StateCredit.h">
      <Filter>Header Files\States</Filter>
    </ClInclude>
    <ClInclude Include="StateExit.h">
      <Filter>Header Files\States</Filter>
    </ClInclude>
    <ClInclude Include="StateLB.h">
      <Filter>Header Files\States</Filter>
    </ClInclude>
    <ClInclude Include="TrafficLane.h">
      <Filter>Header Files\Objects\Lanes</Filter>
    </ClInclude>
    <ClInclude Include="StateSetting.h">
      <Filter>Header Files\States</Filter>
    </ClInclude>
    <ClInclude Include="StateWin.h">
      <Filter>Header Files\States</Filter>
    </ClInclude>
    <ClInclude Include="Menu.h">
      <Filter>Header Files\Others</Filter>
    </ClInclude>
    <ClInclude Include="Data.h">
      <Filter>Header Files\Others</Filter>
    </ClInclude>
    <ClInclude Include="StatePlay.h">
      <Filter>Header Files\States\StatePlay</Filter>
    </ClInclude>
    <ClInclude Include="StatePlay_Deadline.h">
      <Filter>Header Files\States\StatePlay</Filter>
    </ClInclude>
    <ClInclude Include="StatePlay_Endless.h">
      <Filter>Header Files\States\StatePlay</Filter>
    </ClInclude>
    <ClInclude Include="StateChoosePlayMode.h">
      <Filter>Header Files\States</Filter>
    </ClInclude>
    <ClInclude Include="StatePlay_Versus.h">
      <Filter>Header Files\States\StatePlay</Filter>
    </ClInclude>
  </ItemGroup>
</Project>