
Microsoft Visual Studio Solution File, Format Version 12.00
# Visual Studio Version 16
VisualStudioVersion = 16.0.31727.386
MinimumVisualStudioVersion = 10.0.40219.1
Project("{8BC9CEB8-8B4A-11D0-8D11-00A0C91BC942}") = "CrossingRoad", "CrossingRoad\CrossingRoad.vcxproj", "{189C38D7-71D5-429C-BD2E-C3D5FDCC7EDB}"
EndProject
Global
	GlobalSection(SolutionConfigurationPlatforms) = preSolution
		Debug|x64 = Debug|x64
		Debug|x86 = Debug|x86
		Release|x64 = Release|x64
		Release|x86 = Release|x86
	EndGlobalSection
	GlobalSection(ProjectConfigurationPlatforms) = postSolution
		{189C38D7-71D5-429C-BD2E-C3D5FDCC7EDB}.Debug|x64.ActiveCfg = Debug|x64
		{189C38D7-71D5-429C-BD2E-C3D5FDCC7EDB}.Debug|x64.Build.0 = Debug|x64
		{189C38D7-71D5-429C-BD2E-C3D5FDCC7EDB}.Debug|x86.ActiveCfg = Debug|Win32
		{189C38D7-71D5-429C-BD2E-C3D5FDCC7EDB}.Debug|x86.Build.0 = Debug|Win32
		{189C38D7-71D5-429C-BD2E-C3D5FDCC7EDB}.Release|x64.ActiveCfg = Release|x64
		{189C38D7-71D5-429C-BD2E-C3D5FDCC7EDB}.Release|x64.Build.0 = Release|x64
		{189C38D7-71D5-429C-BD2E-C3D5FDCC7EDB}.Release|x86.ActiveCfg = Release|Win32
		{189C38D7-71D5-429C-BD2E-C3D5FDCC7EDB}.Release|x86.Build.0 = Release|Win32
	EndGlobalSection
	GlobalSection(SolutionProperties) = preSolution
		HideSolutionNode = FALSE
	EndGlobalSection
	GlobalSection(ExtensibilityGlobals) = postSolution
		SolutionGuid = {5AD4F97A-67F8-465D-89BB-E9E0C7D4905F}
	EndGlobalSection
EndGlobal
